// !$*UTF8*$!
{
	archiveVersion = 1;
	classes = {
	};
	objectVersion = 50;
	objects = {

/* Begin PBXBuildFile section */
		7431E3B72600BB5000DF830F /* NotesViewModel.swift in Sources */ = {isa = PBXBuildFile; fileRef = 7431E3B62600BB5000DF830F /* NotesViewModel.swift */; };
		7439A3DF25FFA3C2005016FF /* AppDelegate.swift in Sources */ = {isa = PBXBuildFile; fileRef = 7439A3DE25FFA3C2005016FF /* AppDelegate.swift */; };
		7439A3E125FFA3C2005016FF /* SceneDelegate.swift in Sources */ = {isa = PBXBuildFile; fileRef = 7439A3E025FFA3C2005016FF /* SceneDelegate.swift */; };
		7439A3E625FFA3C2005016FF /* Main.storyboard in Resources */ = {isa = PBXBuildFile; fileRef = 7439A3E425FFA3C2005016FF /* Main.storyboard */; };
		7439A3E925FFA3C2005016FF /* FocusStartTest.xcdatamodeld in Sources */ = {isa = PBXBuildFile; fileRef = 7439A3E725FFA3C2005016FF /* FocusStartTest.xcdatamodeld */; };
		7439A3EB25FFA3C2005016FF /* Assets.xcassets in Resources */ = {isa = PBXBuildFile; fileRef = 7439A3EA25FFA3C2005016FF /* Assets.xcassets */; };
		7439A3EE25FFA3C2005016FF /* LaunchScreen.storyboard in Resources */ = {isa = PBXBuildFile; fileRef = 7439A3EC25FFA3C2005016FF /* LaunchScreen.storyboard */; };
		7439A3F826000158005016FF /* NotesViewController.swift in Sources */ = {isa = PBXBuildFile; fileRef = 7439A3F726000158005016FF /* NotesViewController.swift */; };
		74725520260002EC001BD0AB /* Note.swift in Sources */ = {isa = PBXBuildFile; fileRef = 7472551E260002EC001BD0AB /* Note.swift */; };
		74BE01812600091100F76882 /* NoteDetailsViewController.swift in Sources */ = {isa = PBXBuildFile; fileRef = 74BE01802600091100F76882 /* NoteDetailsViewController.swift */; };
/* End PBXBuildFile section */

/* Begin PBXFileReference section */
		7431E3B62600BB5000DF830F /* NotesViewModel.swift */ = {isa = PBXFileReference; lastKnownFileType = sourcecode.swift; path = NotesViewModel.swift; sourceTree = "<group>"; };
		7439A3DB25FFA3C2005016FF /* FocusStartTest.app */ = {isa = PBXFileReference; explicitFileType = wrapper.application; includeInIndex = 0; path = FocusStartTest.app; sourceTree = BUILT_PRODUCTS_DIR; };
		7439A3DE25FFA3C2005016FF /* AppDelegate.swift */ = {isa = PBXFileReference; lastKnownFileType = sourcecode.swift; path = AppDelegate.swift; sourceTree = "<group>"; };
		7439A3E025FFA3C2005016FF /* SceneDelegate.swift */ = {isa = PBXFileReference; lastKnownFileType = sourcecode.swift; path = SceneDelegate.swift; sourceTree = "<group>"; };
		7439A3E525FFA3C2005016FF /* Base */ = {isa = PBXFileReference; lastKnownFileType = file.storyboard; name = Base; path = Base.lproj/Main.storyboard; sourceTree = "<group>"; };
		7439A3E825FFA3C2005016FF /* FocusStartTest.xcdatamodel */ = {isa = PBXFileReference; lastKnownFileType = wrapper.xcdatamodel; path = FocusStartTest.xcdatamodel; sourceTree = "<group>"; };
		7439A3EA25FFA3C2005016FF /* Assets.xcassets */ = {isa = PBXFileReference; lastKnownFileType = folder.assetcatalog; path = Assets.xcassets; sourceTree = "<group>"; };
		7439A3ED25FFA3C2005016FF /* Base */ = {isa = PBXFileReference; lastKnownFileType = file.storyboard; name = Base; path = Base.lproj/LaunchScreen.storyboard; sourceTree = "<group>"; };
		7439A3EF25FFA3C2005016FF /* Info.plist */ = {isa = PBXFileReference; lastKnownFileType = text.plist.xml; path = Info.plist; sourceTree = "<group>"; };
		7439A3F726000158005016FF /* NotesViewController.swift */ = {isa = PBXFileReference; lastKnownFileType = sourcecode.swift; path = NotesViewController.swift; sourceTree = "<group>"; };
		7472551E260002EC001BD0AB /* Note.swift */ = {isa = PBXFileReference; lastKnownFileType = sourcecode.swift; path = Note.swift; sourceTree = "<group>"; };
		74BE01802600091100F76882 /* NoteDetailsViewController.swift */ = {isa = PBXFileReference; lastKnownFileType = sourcecode.swift; path = NoteDetailsViewController.swift; sourceTree = "<group>"; };
/* End PBXFileReference section */

/* Begin PBXFrameworksBuildPhase section */
		7439A3D825FFA3C2005016FF /* Frameworks */ = {
			isa = PBXFrameworksBuildPhase;
			buildActionMask = 2147483647;
			files = (
			);
			runOnlyForDeploymentPostprocessing = 0;
		};
/* End PBXFrameworksBuildPhase section */

/* Begin PBXGroup section */
		740A3C712600BA6500A7B5AE /* ViewModel */ = {
			isa = PBXGroup;
			children = (
				7431E3B62600BB5000DF830F /* NotesViewModel.swift */,
			);
			path = ViewModel;
			sourceTree = "<group>";
		};
		740A3C722600BA6B00A7B5AE /* View */ = {
			isa = PBXGroup;
			children = (
				7439A3F726000158005016FF /* NotesViewController.swift */,
				74BE01802600091100F76882 /* NoteDetailsViewController.swift */,
				740A3C732600BA7100A7B5AE /* Storyboards */,
			);
			path = View;
			sourceTree = "<group>";
		};
		740A3C732600BA7100A7B5AE /* Storyboards */ = {
			isa = PBXGroup;
			children = (
				7439A3E425FFA3C2005016FF /* Main.storyboard */,
				7439A3EC25FFA3C2005016FF /* LaunchScreen.storyboard */,
			);
			path = Storyboards;
			sourceTree = "<group>";
		};
		7439A3D225FFA3C2005016FF = {
			isa = PBXGroup;
			children = (
				7439A3DD25FFA3C2005016FF /* FocusStartTest */,
				7439A3DC25FFA3C2005016FF /* Products */,
			);
			sourceTree = "<group>";
		};
		7439A3DC25FFA3C2005016FF /* Products */ = {
			isa = PBXGroup;
			children = (
				7439A3DB25FFA3C2005016FF /* FocusStartTest.app */,
			);
			name = Products;
			sourceTree = "<group>";
		};
		7439A3DD25FFA3C2005016FF /* FocusStartTest */ = {
			isa = PBXGroup;
			children = (
				740A3C722600BA6B00A7B5AE /* View */,
				740A3C712600BA6500A7B5AE /* ViewModel */,
				74725523260002F2001BD0AB /* Model */,
				7439A3DE25FFA3C2005016FF /* AppDelegate.swift */,
				7439A3E025FFA3C2005016FF /* SceneDelegate.swift */,
				7439A3EA25FFA3C2005016FF /* Assets.xcassets */,
				7439A3EF25FFA3C2005016FF /* Info.plist */,
				7439A3E725FFA3C2005016FF /* FocusStartTest.xcdatamodeld */,
			);
			path = FocusStartTest;
			sourceTree = "<group>";
		};
		74725523260002F2001BD0AB /* Model */ = {
			isa = PBXGroup;
			children = (
				7472551E260002EC001BD0AB /* Note.swift */,
			);
			path = Model;
			sourceTree = "<group>";
		};
/* End PBXGroup section */

/* Begin PBXNativeTarget section */
		7439A3DA25FFA3C2005016FF /* FocusStartTest */ = {
			isa = PBXNativeTarget;
			buildConfigurationList = 7439A3F225FFA3C2005016FF /* Build configuration list for PBXNativeTarget "FocusStartTest" */;
			buildPhases = (
				7439A3D725FFA3C2005016FF /* Sources */,
				7439A3D825FFA3C2005016FF /* Frameworks */,
				7439A3D925FFA3C2005016FF /* Resources */,
			);
			buildRules = (
			);
			dependencies = (
			);
			name = FocusStartTest;
			productName = FocusStartTest;
			productReference = 7439A3DB25FFA3C2005016FF /* FocusStartTest.app */;
			productType = "com.apple.product-type.application";
		};
/* End PBXNativeTarget section */

/* Begin PBXProject section */
		7439A3D325FFA3C2005016FF /* Project object */ = {
			isa = PBXProject;
			attributes = {
				LastSwiftUpdateCheck = 1240;
				LastUpgradeCheck = 1240;
				TargetAttributes = {
					7439A3DA25FFA3C2005016FF = {
						CreatedOnToolsVersion = 12.4;
					};
				};
			};
			buildConfigurationList = 7439A3D625FFA3C2005016FF /* Build configuration list for PBXProject "FocusStartTest" */;
			compatibilityVersion = "Xcode 9.3";
			developmentRegion = en;
			hasScannedForEncodings = 0;
			knownRegions = (
				en,
				Base,
			);
			mainGroup = 7439A3D225FFA3C2005016FF;
			productRefGroup = 7439A3DC25FFA3C2005016FF /* Products */;
			projectDirPath = "";
			projectRoot = "";
			targets = (
				7439A3DA25FFA3C2005016FF /* FocusStartTest */,
			);
		};
/* End PBXProject section */

/* Begin PBXResourcesBuildPhase section */
		7439A3D925FFA3C2005016FF /* Resources */ = {
			isa = PBXResourcesBuildPhase;
			buildActionMask = 2147483647;
			files = (
				7439A3EE25FFA3C2005016FF /* LaunchScreen.storyboard in Resources */,
				7439A3EB25FFA3C2005016FF /* Assets.xcassets in Resources */,
				7439A3E625FFA3C2005016FF /* Main.storyboard in Resources */,
			);
			runOnlyForDeploymentPostprocessing = 0;
		};
/* End PBXResourcesBuildPhase section */

/* Begin PBXSourcesBuildPhase section */
		7439A3D725FFA3C2005016FF /* Sources */ = {
			isa = PBXSourcesBuildPhase;
			buildActionMask = 2147483647;
			files = (
				7439A3F826000158005016FF /* NotesViewController.swift in Sources */,
				7431E3B72600BB5000DF830F /* NotesViewModel.swift in Sources */,
				7439A3E925FFA3C2005016FF /* FocusStartTest.xcdatamodeld in Sources */,
				7439A3DF25FFA3C2005016FF /* AppDelegate.swift in Sources */,
				74725520260002EC001BD0AB /* Note.swift in Sources */,
				74BE01812600091100F76882 /* NoteDetailsViewController.swift in Sources */,
				7439A3E125FFA3C2005016FF /* SceneDelegate.swift in Sources */,
			);
			runOnlyForDeploymentPostprocessing = 0;
		};
/* End PBXSourcesBuildPhase section */

/* Begin PBXVariantGroup section */
		7439A3E425FFA3C2005016FF /* Main.storyboard */ = {
			isa = PBXVariantGroup;
			children = (
				7439A3E525FFA3C2005016FF /* Base */,
			);
			name = Main.storyboard;
			sourceTree = "<group>";
		};
		7439A3EC25FFA3C2005016FF /* LaunchScreen.storyboard */ = {
			isa = PBXVariantGroup;
			children = (
				7439A3ED25FFA3C2005016FF /* Base */,
			);
			name = LaunchScreen.storyboard;
			sourceTree = "<group>";
		};
/* End PBXVariantGroup section */

/* Begin XCBuildConfiguration section */
		7439A3F025FFA3C2005016FF /* Debug */ = {
			isa = XCBuildConfiguration;
			buildSettings = {
				ALWAYS_SEARCH_USER_PATHS = NO;
				CLANG_ANALYZER_NONNULL = YES;
				CLANG_ANALYZER_NUMBER_OBJECT_CONVERSION = YES_AGGRESSIVE;
				CLANG_CXX_LANGUAGE_STANDARD = "gnu++14";
				CLANG_CXX_LIBRARY = "libc++";
				CLANG_ENABLE_MODULES = YES;
				CLANG_ENABLE_OBJC_ARC = YES;
				CLANG_ENABLE_OBJC_WEAK = YES;
				CLANG_WARN_BLOCK_CAPTURE_AUTORELEASING = YES;
				CLANG_WARN_BOOL_CONVERSION = YES;
				CLANG_WARN_COMMA = YES;
				CLANG_WARN_CONSTANT_CONVERSION = YES;
				CLANG_WARN_DEPRECATED_OBJC_IMPLEMENTATIONS = YES;
				CLANG_WARN_DIRECT_OBJC_ISA_USAGE = YES_ERROR;
				CLANG_WARN_DOCUMENTATION_COMMENTS = YES;
				CLANG_WARN_EMPTY_BODY = YES;
				CLANG_WARN_ENUM_CONVERSION = YES;
				CLANG_WARN_INFINITE_RECURSION = YES;
				CLANG_WARN_INT_CONVERSION = YES;
				CLANG_WARN_NON_LITERAL_NULL_CONVERSION = YES;
				CLANG_WARN_OBJC_IMPLICIT_RETAIN_SELF = YES;
				CLANG_WARN_OBJC_LITERAL_CONVERSION = YES;
				CLANG_WARN_OBJC_ROOT_CLASS = YES_ERROR;
				CLANG_WARN_QUOTED_INCLUDE_IN_FRAMEWORK_HEADER = YES;
				CLANG_WARN_RANGE_LOOP_ANALYSIS = YES;
				CLANG_WARN_STRICT_PROTOTYPES = YES;
				CLANG_WARN_SUSPICIOUS_MOVE = YES;
				CLANG_WARN_UNGUARDED_AVAILABILITY = YES_AGGRESSIVE;
				CLANG_WARN_UNREACHABLE_CODE = YES;
				CLANG_WARN__DUPLICATE_METHOD_MATCH = YES;
				COPY_PHASE_STRIP = NO;
				DEBUG_INFORMATION_FORMAT = dwarf;
				ENABLE_STRICT_OBJC_MSGSEND = YES;
				ENABLE_TESTABILITY = YES;
				GCC_C_LANGUAGE_STANDARD = gnu11;
				GCC_DYNAMIC_NO_PIC = NO;
				GCC_NO_COMMON_BLOCKS = YES;
				GCC_OPTIMIZATION_LEVEL = 0;
				GCC_PREPROCESSOR_DEFINITIONS = (
					"DEBUG=1",
					"$(inherited)",
				);
				GCC_WARN_64_TO_32_BIT_CONVERSION = YES;
				GCC_WARN_ABOUT_RETURN_TYPE = YES_ERROR;
				GCC_WARN_UNDECLARED_SELECTOR = YES;
				GCC_WARN_UNINITIALIZED_AUTOS = YES_AGGRESSIVE;
				GCC_WARN_UNUSED_FUNCTION = YES;
				GCC_WARN_UNUSED_VARIABLE = YES;
				IPHONEOS_DEPLOYMENT_TARGET = 14.4;
				MTL_ENABLE_DEBUG_INFO = INCLUDE_SOURCE;
				MTL_FAST_MATH = YES;
				ONLY_ACTIVE_ARCH = YES;
				SDKROOT = iphoneos;
				SWIFT_ACTIVE_COMPILATION_CONDITIONS = DEBUG;
				SWIFT_OPTIMIZATION_LEVEL = "-Onone";
			};
			name = Debug;
		};
		7439A3F125FFA3C2005016FF /* Release */ = {
			isa = XCBuildConfiguration;
			buildSettings = {
				ALWAYS_SEARCH_USER_PATHS = NO;
				CLANG_ANALYZER_NONNULL = YES;
				CLANG_ANALYZER_NUMBER_OBJECT_CONVERSION = YES_AGGRESSIVE;
				CLANG_CXX_LANGUAGE_STANDARD = "gnu++14";
				CLANG_CXX_LIBRARY = "libc++";
				CLANG_ENABLE_MODULES = YES;
				CLANG_ENABLE_OBJC_ARC = YES;
				CLANG_ENABLE_OBJC_WEAK = YES;
				CLANG_WARN_BLOCK_CAPTURE_AUTORELEASING = YES;
				CLANG_WARN_BOOL_CONVERSION = YES;
				CLANG_WARN_COMMA = YES;
				CLANG_WARN_CONSTANT_CONVERSION = YES;
				CLANG_WARN_DEPRECATED_OBJC_IMPLEMENTATIONS = YES;
				CLANG_WARN_DIRECT_OBJC_ISA_USAGE = YES_ERROR;
				CLANG_WARN_DOCUMENTATION_COMMENTS = YES;
				CLANG_WARN_EMPTY_BODY = YES;
				CLANG_WARN_ENUM_CONVERSION = YES;
				CLANG_WARN_INFINITE_RECURSION = YES;
				CLANG_WARN_INT_CONVERSION = YES;
				CLANG_WARN_NON_LITERAL_NULL_CONVERSION = YES;
				CLANG_WARN_OBJC_IMPLICIT_RETAIN_SELF = YES;
				CLANG_WARN_OBJC_LITERAL_CONVERSION = YES;
				CLANG_WARN_OBJC_ROOT_CLASS = YES_ERROR;
				CLANG_WARN_QUOTED_INCLUDE_IN_FRAMEWORK_HEADER = YES;
				CLANG_WARN_RANGE_LOOP_ANALYSIS = YES;
				CLANG_WARN_STRICT_PROTOTYPES = YES;
				CLANG_WARN_SUSPICIOUS_MOVE = YES;
				CLANG_WARN_UNGUARDED_AVAILABILITY = YES_AGGRESSIVE;
				CLANG_WARN_UNREACHABLE_CODE = YES;
				CLANG_WARN__DUPLICATE_METHOD_MATCH = YES;
				COPY_PHASE_STRIP = NO;
				DEBUG_INFORMATION_FORMAT = "dwarf-with-dsym";
				ENABLE_NS_ASSERTIONS = NO;
				ENABLE_STRICT_OBJC_MSGSEND = YES;
				GCC_C_LANGUAGE_STANDARD = gnu11;
				GCC_NO_COMMON_BLOCKS = YES;
				GCC_WARN_64_TO_32_BIT_CONVERSION = YES;
				GCC_WARN_ABOUT_RETURN_TYPE = YES_ERROR;
				GCC_WARN_UNDECLARED_SELECTOR = YES;
				GCC_WARN_UNINITIALIZED_AUTOS = YES_AGGRESSIVE;
				GCC_WARN_UNUSED_FUNCTION = YES;
				GCC_WARN_UNUSED_VARIABLE = YES;
				IPHONEOS_DEPLOYMENT_TARGET = 14.4;
				MTL_ENABLE_DEBUG_INFO = NO;
				MTL_FAST_MATH = YES;
				SDKROOT = iphoneos;
				SWIFT_COMPILATION_MODE = wholemodule;
				SWIFT_OPTIMIZATION_LEVEL = "-O";
				VALIDATE_PRODUCT = YES;
			};
			name = Release;
		};
		7439A3F325FFA3C2005016FF /* Debug */ = {
			isa = XCBuildConfiguration;
			buildSettings = {
				ASSETCATALOG_COMPILER_APPICON_NAME = AppIcon;
				ASSETCATALOG_COMPILER_GLOBAL_ACCENT_COLOR_NAME = AccentColor;
				CODE_SIGN_STYLE = Automatic;
				DEVELOPMENT_TEAM = 49B53529R9;
				INFOPLIST_FILE = FocusStartTest/Info.plist;
				LD_RUNPATH_SEARCH_PATHS = (
					"$(inherited)",
					"@executable_path/Frameworks",
				);
				PRODUCT_BUNDLE_IDENTIFIER = personal.FocusStartTest;
				PRODUCT_NAME = "$(TARGET_NAME)";
				SWIFT_VERSION = 5.0;
				TARGETED_DEVICE_FAMILY = "1,2";
			};
			name = Debug;
		};
		7439A3F425FFA3C2005016FF /* Release */ = {
			isa = XCBuildConfiguration;
			buildSettings = {
				ASSETCATALOG_COMPILER_APPICON_NAME = AppIcon;
				ASSETCATALOG_COMPILER_GLOBAL_ACCENT_COLOR_NAME = AccentColor;
				CODE_SIGN_STYLE = Automatic;
				DEVELOPMENT_TEAM = 49B53529R9;
				INFOPLIST_FILE = FocusStartTest/Info.plist;
				LD_RUNPATH_SEARCH_PATHS = (
					"$(inherited)",
					"@executable_path/Frameworks",
				);
				PRODUCT_BUNDLE_IDENTIFIER = personal.FocusStartTest;
				PRODUCT_NAME = "$(TARGET_NAME)";
				SWIFT_VERSION = 5.0;
				TARGETED_DEVICE_FAMILY = "1,2";
			};
			name = Release;
		};
/* End XCBuildConfiguration section */

/* Begin XCConfigurationList section */
		7439A3D625FFA3C2005016FF /* Build configuration list for PBXProject "FocusStartTest" */ = {
			isa = XCConfigurationList;
			buildConfigurations = (
				7439A3F025FFA3C2005016FF /* Debug */,
				7439A3F125FFA3C2005016FF /* Release */,
			);
			defaultConfigurationIsVisible = 0;
			defaultConfigurationName = Release;
		};
		7439A3F225FFA3C2005016FF /* Build configuration list for PBXNativeTarget "FocusStartTest" */ = {
			isa = XCConfigurationList;
			buildConfigurations = (
				7439A3F325FFA3C2005016FF /* Debug */,
				7439A3F425FFA3C2005016FF /* Release */,
			);
			defaultConfigurationIsVisible = 0;
			defaultConfigurationName = Release;
		};
/* End XCConfigurationList section */

/* Begin XCVersionGroup section */
		7439A3E725FFA3C2005016FF /* FocusStartTest.xcdatamodeld */ = {
			isa = XCVersionGroup;
			children = (
				7439A3E825FFA3C2005016FF /* FocusStartTest.xcdatamodel */,
			);
			currentVersion = 7439A3E825FFA3C2005016FF /* FocusStartTest.xcdatamodel */;
			path = FocusStartTest.xcdatamodeld;
			sourceTree = "<group>";
			versionGroupType = wrapper.xcdatamodel;
		};
/* End XCVersionGroup section */
	};
	rootObject = 7439A3D325FFA3C2005016FF /* Project object */;
}
